// !$*UTF8*$!
{
	archiveVersion = 1;
	classes = {
	};
	objectVersion = 48;
	objects = {

/* Begin PBXBuildFile section */
		8EABE8401FDBA9C800B7DD7E /* AppDelegate.swift in Sources */ = {isa = PBXBuildFile; fileRef = 8EABE83F1FDBA9C800B7DD7E /* AppDelegate.swift */; };
		8EABE8421FDBA9C800B7DD7E /* ViewController.swift in Sources */ = {isa = PBXBuildFile; fileRef = 8EABE8411FDBA9C800B7DD7E /* ViewController.swift */; };
		8EABE8451FDBA9C800B7DD7E /* Main.storyboard in Resources */ = {isa = PBXBuildFile; fileRef = 8EABE8431FDBA9C800B7DD7E /* Main.storyboard */; };
		8EABE8471FDBA9C800B7DD7E /* Assets.xcassets in Resources */ = {isa = PBXBuildFile; fileRef = 8EABE8461FDBA9C800B7DD7E /* Assets.xcassets */; };
		8EABE84A1FDBA9C800B7DD7E /* LaunchScreen.storyboard in Resources */ = {isa = PBXBuildFile; fileRef = 8EABE8481FDBA9C800B7DD7E /* LaunchScreen.storyboard */; };
		8EABE8551FDBA9C800B7DD7E /* Tip_CalculatorTests.swift in Sources */ = {isa = PBXBuildFile; fileRef = 8EABE8541FDBA9C800B7DD7E /* Tip_CalculatorTests.swift */; };
		8EABE8601FDBA9C800B7DD7E /* Tip_CalculatorUITests.swift in Sources */ = {isa = PBXBuildFile; fileRef = 8EABE85F1FDBA9C800B7DD7E /* Tip_CalculatorUITests.swift */; };
/* End PBXBuildFile section */

/* Begin PBXContainerItemProxy section */
		8EABE8511FDBA9C800B7DD7E /* PBXContainerItemProxy */ = {
			isa = PBXContainerItemProxy;
			containerPortal = 8EABE8341FDBA9C800B7DD7E /* Project object */;
			proxyType = 1;
			remoteGlobalIDString = 8EABE83B1FDBA9C800B7DD7E;
			remoteInfo = Tip_Calculator;
		};
		8EABE85C1FDBA9C800B7DD7E /* PBXContainerItemProxy */ = {
			isa = PBXContainerItemProxy;
			containerPortal = 8EABE8341FDBA9C800B7DD7E /* Project object */;
			proxyType = 1;
			remoteGlobalIDString = 8EABE83B1FDBA9C800B7DD7E;
			remoteInfo = Tip_Calculator;
		};
/* End PBXContainerItemProxy section */

/* Begin PBXFileReference section */
		8EABE83C1FDBA9C800B7DD7E /* Tip_Calculator.app */ = {isa = PBXFileReference; explicitFileType = wrapper.application; includeInIndex = 0; path = Tip_Calculator.app; sourceTree = BUILT_PRODUCTS_DIR; };
		8EABE83F1FDBA9C800B7DD7E /* AppDelegate.swift */ = {isa = PBXFileReference; lastKnownFileType = sourcecode.swift; path = AppDelegate.swift; sourceTree = "<group>"; };
		8EABE8411FDBA9C800B7DD7E /* ViewController.swift */ = {isa = PBXFileReference; lastKnownFileType = sourcecode.swift; path = ViewController.swift; sourceTree = "<group>"; };
		8EABE8441FDBA9C800B7DD7E /* Base */ = {isa = PBXFileReference; lastKnownFileType = file.storyboard; name = Base; path = Base.lproj/Main.storyboard; sourceTree = "<group>"; };
		8EABE8461FDBA9C800B7DD7E /* Assets.xcassets */ = {isa = PBXFileReference; lastKnownFileType = folder.assetcatalog; path = Assets.xcassets; sourceTree = "<group>"; };
		8EABE8491FDBA9C800B7DD7E /* Base */ = {isa = PBXFileReference; lastKnownFileType = file.storyboard; name = Base; path = Base.lproj/LaunchScreen.storyboard; sourceTree = "<group>"; };
		8EABE84B1FDBA9C800B7DD7E /* Info.plist */ = {isa = PBXFileReference; lastKnownFileType = text.plist.xml; path = Info.plist; sourceTree = "<group>"; };
		8EABE8501FDBA9C800B7DD7E /* Tip_CalculatorTests.xctest */ = {isa = PBXFileReference; explicitFileType = wrapper.cfbundle; includeInIndex = 0; path = Tip_CalculatorTests.xctest; sourceTree = BUILT_PRODUCTS_DIR; };
		8EABE8541FDBA9C800B7DD7E /* Tip_CalculatorTests.swift */ = {isa = PBXFileReference; lastKnownFileType = sourcecode.swift; path = Tip_CalculatorTests.swift; sourceTree = "<group>"; };
		8EABE8561FDBA9C800B7DD7E /* Info.plist */ = {isa = PBXFileReference; lastKnownFileType = text.plist.xml; path = Info.plist; sourceTree = "<group>"; };
		8EABE85B1FDBA9C800B7DD7E /* Tip_CalculatorUITests.xctest */ = {isa = PBXFileReference; explicitFileType = wrapper.cfbundle; includeInIndex = 0; path = Tip_CalculatorUITests.xctest; sourceTree = BUILT_PRODUCTS_DIR; };
		8EABE85F1FDBA9C800B7DD7E /* Tip_CalculatorUITests.swift */ = {isa = PBXFileReference; lastKnownFileType = sourcecode.swift; path = Tip_CalculatorUITests.swift; sourceTree = "<group>"; };
		8EABE8611FDBA9C900B7DD7E /* Info.plist */ = {isa = PBXFileReference; lastKnownFileType = text.plist.xml; path = Info.plist; sourceTree = "<group>"; };
/* End PBXFileReference section */

/* Begin PBXFrameworksBuildPhase section */
		8EABE8391FDBA9C800B7DD7E /* Frameworks */ = {
			isa = PBXFrameworksBuildPhase;
			buildActionMask = 2147483647;
			files = (
			);
			runOnlyForDeploymentPostprocessing = 0;
		};
		8EABE84D1FDBA9C800B7DD7E /* Frameworks */ = {
			isa = PBXFrameworksBuildPhase;
			buildActionMask = 2147483647;
			files = (
			);
			runOnlyForDeploymentPostprocessing = 0;
		};
		8EABE8581FDBA9C800B7DD7E /* Frameworks */ = {
			isa = PBXFrameworksBuildPhase;
			buildActionMask = 2147483647;
			files = (
			);
			runOnlyForDeploymentPostprocessing = 0;
		};
/* End PBXFrameworksBuildPhase section */

/* Begin PBXGroup section */
		8EABE8331FDBA9C800B7DD7E = {
			isa = PBXGroup;
			children = (
				8EABE83E1FDBA9C800B7DD7E /* Tip_Calculator */,
				8EABE8531FDBA9C800B7DD7E /* Tip_CalculatorTests */,
				8EABE85E1FDBA9C800B7DD7E /* Tip_CalculatorUITests */,
				8EABE83D1FDBA9C800B7DD7E /* Products */,
			);
			sourceTree = "<group>";
		};
		8EABE83D1FDBA9C800B7DD7E /* Products */ = {
			isa = PBXGroup;
			children = (
				8EABE83C1FDBA9C800B7DD7E /* Tip_Calculator.app */,
				8EABE8501FDBA9C800B7DD7E /* Tip_CalculatorTests.xctest */,
				8EABE85B1FDBA9C800B7DD7E /* Tip_CalculatorUITests.xctest */,
			);
			name = Products;
			sourceTree = "<group>";
		};
		8EABE83E1FDBA9C800B7DD7E /* Tip_Calculator */ = {
			isa = PBXGroup;
			children = (
				8EABE83F1FDBA9C800B7DD7E /* AppDelegate.swift */,
				8EABE8411FDBA9C800B7DD7E /* ViewController.swift */,
				8EABE8431FDBA9C800B7DD7E /* Main.storyboard */,
				8EABE8461FDBA9C800B7DD7E /* Assets.xcassets */,
				8EABE8481FDBA9C800B7DD7E /* LaunchScreen.storyboard */,
				8EABE84B1FDBA9C800B7DD7E /* Info.plist */,
			);
			path = Tip_Calculator;
			sourceTree = "<group>";
		};
		8EABE8531FDBA9C800B7DD7E /* Tip_CalculatorTests */ = {
			isa = PBXGroup;
			children = (
				8EABE8541FDBA9C800B7DD7E /* Tip_CalculatorTests.swift */,
				8EABE8561FDBA9C800B7DD7E /* Info.plist */,
			);
			path = Tip_CalculatorTests;
			sourceTree = "<group>";
		};
		8EABE85E1FDBA9C800B7DD7E /* Tip_CalculatorUITests */ = {
			isa = PBXGroup;
			children = (
				8EABE85F1FDBA9C800B7DD7E /* Tip_CalculatorUITests.swift */,
				8EABE8611FDBA9C900B7DD7E /* Info.plist */,
			);
			path = Tip_CalculatorUITests;
			sourceTree = "<group>";
		};
/* End PBXGroup section */

/* Begin PBXNativeTarget section */
		8EABE83B1FDBA9C800B7DD7E /* Tip_Calculator */ = {
			isa = PBXNativeTarget;
			buildConfigurationList = 8EABE8641FDBA9C900B7DD7E /* Build configuration list for PBXNativeTarget "Tip_Calculator" */;
			buildPhases = (
				8EABE8381FDBA9C800B7DD7E /* Sources */,
				8EABE8391FDBA9C800B7DD7E /* Frameworks */,
				8EABE83A1FDBA9C800B7DD7E /* Resources */,
			);
			buildRules = (
			);
			dependencies = (
			);
			name = Tip_Calculator;
			productName = Tip_Calculator;
			productReference = 8EABE83C1FDBA9C800B7DD7E /* Tip_Calculator.app */;
			productType = "com.apple.product-type.application";
		};
		8EABE84F1FDBA9C800B7DD7E /* Tip_CalculatorTests */ = {
			isa = PBXNativeTarget;
			buildConfigurationList = 8EABE8671FDBA9C900B7DD7E /* Build configuration list for PBXNativeTarget "Tip_CalculatorTests" */;
			buildPhases = (
				8EABE84C1FDBA9C800B7DD7E /* Sources */,
				8EABE84D1FDBA9C800B7DD7E /* Frameworks */,
				8EABE84E1FDBA9C800B7DD7E /* Resources */,
			);
			buildRules = (
			);
			dependencies = (
				8EABE8521FDBA9C800B7DD7E /* PBXTargetDependency */,
			);
			name = Tip_CalculatorTests;
			productName = Tip_CalculatorTests;
			productReference = 8EABE8501FDBA9C800B7DD7E /* Tip_CalculatorTests.xctest */;
			productType = "com.apple.product-type.bundle.unit-test";
		};
		8EABE85A1FDBA9C800B7DD7E /* Tip_CalculatorUITests */ = {
			isa = PBXNativeTarget;
			buildConfigurationList = 8EABE86A1FDBA9C900B7DD7E /* Build configuration list for PBXNativeTarget "Tip_CalculatorUITests" */;
			buildPhases = (
				8EABE8571FDBA9C800B7DD7E /* Sources */,
				8EABE8581FDBA9C800B7DD7E /* Frameworks */,
				8EABE8591FDBA9C800B7DD7E /* Resources */,
			);
			buildRules = (
			);
			dependencies = (
				8EABE85D1FDBA9C800B7DD7E /* PBXTargetDependency */,
			);
			name = Tip_CalculatorUITests;
			productName = Tip_CalculatorUITests;
			productReference = 8EABE85B1FDBA9C800B7DD7E /* Tip_CalculatorUITests.xctest */;
			productType = "com.apple.product-type.bundle.ui-testing";
		};
/* End PBXNativeTarget section */

/* Begin PBXProject section */
		8EABE8341FDBA9C800B7DD7E /* Project object */ = {
			isa = PBXProject;
			attributes = {
				LastSwiftUpdateCheck = 0920;
				LastUpgradeCheck = 0920;
				ORGANIZATIONNAME = "Jian Chen";
				TargetAttributes = {
					8EABE83B1FDBA9C800B7DD7E = {
						CreatedOnToolsVersion = 9.2;
						ProvisioningStyle = Automatic;
					};
					8EABE84F1FDBA9C800B7DD7E = {
						CreatedOnToolsVersion = 9.2;
						ProvisioningStyle = Automatic;
						TestTargetID = 8EABE83B1FDBA9C800B7DD7E;
					};
					8EABE85A1FDBA9C800B7DD7E = {
						CreatedOnToolsVersion = 9.2;
						ProvisioningStyle = Automatic;
						TestTargetID = 8EABE83B1FDBA9C800B7DD7E;
					};
				};
			};
			buildConfigurationList = 8EABE8371FDBA9C800B7DD7E /* Build configuration list for PBXProject "Tip_Calculator" */;
			compatibilityVersion = "Xcode 8.0";
			developmentRegion = en;
			hasScannedForEncodings = 0;
			knownRegions = (
				en,
				Base,
			);
			mainGroup = 8EABE8331FDBA9C800B7DD7E;
			productRefGroup = 8EABE83D1FDBA9C800B7DD7E /* Products */;
			projectDirPath = "";
			projectRoot = "";
			targets = (
				8EABE83B1FDBA9C800B7DD7E /* Tip_Calculator */,
				8EABE84F1FDBA9C800B7DD7E /* Tip_CalculatorTests */,
				8EABE85A1FDBA9C800B7DD7E /* Tip_CalculatorUITests */,
			);
		};
/* End PBXProject section */

/* Begin PBXResourcesBuildPhase section */
		8EABE83A1FDBA9C800B7DD7E /* Resources */ = {
			isa = PBXResourcesBuildPhase;
			buildActionMask = 2147483647;
			files = (
				8EABE84A1FDBA9C800B7DD7E /* LaunchScreen.storyboard in Resources */,
				8EABE8471FDBA9C800B7DD7E /* Assets.xcassets in Resources */,
				8EABE8451FDBA9C800B7DD7E /* Main.storyboard in Resources */,
			);
			runOnlyForDeploymentPostprocessing = 0;
		};
		8EABE84E1FDBA9C800B7DD7E /* Resources */ = {
			isa = PBXResourcesBuildPhase;
			buildActionMask = 2147483647;
			files = (
			);
			runOnlyForDeploymentPostprocessing = 0;
		};
		8EABE8591FDBA9C800B7DD7E /* Resources */ = {
			isa = PBXResourcesBuildPhase;
			buildActionMask = 2147483647;
			files = (
			);
			runOnlyForDeploymentPostprocessing = 0;
		};
/* End PBXResourcesBuildPhase section */

/* Begin PBXSourcesBuildPhase section */
		8EABE8381FDBA9C800B7DD7E /* Sources */ = {
			isa = PBXSourcesBuildPhase;
			buildActionMask = 2147483647;
			files = (
				8EABE8421FDBA9C800B7DD7E /* ViewController.swift in Sources */,
				8EABE8401FDBA9C800B7DD7E /* AppDelegate.swift in Sources */,
			);
			runOnlyForDeploymentPostprocessing = 0;
		};
		8EABE84C1FDBA9C800B7DD7E /* Sources */ = {
			isa = PBXSourcesBuildPhase;
			buildActionMask = 2147483647;
			files = (
				8EABE8551FDBA9C800B7DD7E /* Tip_CalculatorTests.swift in Sources */,
			);
			runOnlyForDeploymentPostprocessing = 0;
		};
		8EABE8571FDBA9C800B7DD7E /* Sources */ = {
			isa = PBXSourcesBuildPhase;
			buildActionMask = 2147483647;
			files = (
				8EABE8601FDBA9C800B7DD7E /* Tip_CalculatorUITests.swift in Sources */,
			);
			runOnlyForDeploymentPostprocessing = 0;
		};
/* End PBXSourcesBuildPhase section */

/* Begin PBXTargetDependency section */
		8EABE8521FDBA9C800B7DD7E /* PBXTargetDependency */ = {
			isa = PBXTargetDependency;
			target = 8EABE83B1FDBA9C800B7DD7E /* Tip_Calculator */;
			targetProxy = 8EABE8511FDBA9C800B7DD7E /* PBXContainerItemProxy */;
		};
		8EABE85D1FDBA9C800B7DD7E /* PBXTargetDependency */ = {
			isa = PBXTargetDependency;
			target = 8EABE83B1FDBA9C800B7DD7E /* Tip_Calculator */;
			targetProxy = 8EABE85C1FDBA9C800B7DD7E /* PBXContainerItemProxy */;
		};
/* End PBXTargetDependency section */

/* Begin PBXVariantGroup section */
		8EABE8431FDBA9C800B7DD7E /* Main.storyboard */ = {
			isa = PBXVariantGroup;
			children = (
				8EABE8441FDBA9C800B7DD7E /* Base */,
			);
			name = Main.storyboard;
			sourceTree = "<group>";
		};
		8EABE8481FDBA9C800B7DD7E /* LaunchScreen.storyboard */ = {
			isa = PBXVariantGroup;
			children = (
				8EABE8491FDBA9C800B7DD7E /* Base */,
			);
			name = LaunchScreen.storyboard;
			sourceTree = "<group>";
		};
/* End PBXVariantGroup section */

/* Begin XCBuildConfiguration section */
		8EABE8621FDBA9C900B7DD7E /* Debug */ = {
			isa = XCBuildConfiguration;
			buildSettings = {
				ALWAYS_SEARCH_USER_PATHS = NO;
				CLANG_ANALYZER_NONNULL = YES;
				CLANG_ANALYZER_NUMBER_OBJECT_CONVERSION = YES_AGGRESSIVE;
				CLANG_CXX_LANGUAGE_STANDARD = "gnu++14";
				CLANG_CXX_LIBRARY = "libc++";
				CLANG_ENABLE_MODULES = YES;
				CLANG_ENABLE_OBJC_ARC = YES;
				CLANG_WARN_BLOCK_CAPTURE_AUTORELEASING = YES;
				CLANG_WARN_BOOL_CONVERSION = YES;
				CLANG_WARN_COMMA = YES;
				CLANG_WARN_CONSTANT_CONVERSION = YES;
				CLANG_WARN_DIRECT_OBJC_ISA_USAGE = YES_ERROR;
				CLANG_WARN_DOCUMENTATION_COMMENTS = YES;
				CLANG_WARN_EMPTY_BODY = YES;
				CLANG_WARN_ENUM_CONVERSION = YES;
				CLANG_WARN_INFINITE_RECURSION = YES;
				CLANG_WARN_INT_CONVERSION = YES;
				CLANG_WARN_NON_LITERAL_NULL_CONVERSION = YES;
				CLANG_WARN_OBJC_LITERAL_CONVERSION = YES;
				CLANG_WARN_OBJC_ROOT_CLASS = YES_ERROR;
				CLANG_WARN_RANGE_LOOP_ANALYSIS = YES;
				CLANG_WARN_STRICT_PROTOTYPES = YES;
				CLANG_WARN_SUSPICIOUS_MOVE = YES;
				CLANG_WARN_UNGUARDED_AVAILABILITY = YES_AGGRESSIVE;
				CLANG_WARN_UNREACHABLE_CODE = YES;
				CLANG_WARN__DUPLICATE_METHOD_MATCH = YES;
				CODE_SIGN_IDENTITY = "iPhone Developer";
				COPY_PHASE_STRIP = NO;
				DEBUG_INFORMATION_FORMAT = dwarf;
				ENABLE_STRICT_OBJC_MSGSEND = YES;
				ENABLE_TESTABILITY = YES;
				GCC_C_LANGUAGE_STANDARD = gnu11;
				GCC_DYNAMIC_NO_PIC = NO;
				GCC_NO_COMMON_BLOCKS = YES;
				GCC_OPTIMIZATION_LEVEL = 0;
				GCC_PREPROCESSOR_DEFINITIONS = (
					"DEBUG=1",
					"$(inherited)",
				);
				GCC_WARN_64_TO_32_BIT_CONVERSION = YES;
				GCC_WARN_ABOUT_RETURN_TYPE = YES_ERROR;
				GCC_WARN_UNDECLARED_SELECTOR = YES;
				GCC_WARN_UNINITIALIZED_AUTOS = YES_AGGRESSIVE;
				GCC_WARN_UNUSED_FUNCTION = YES;
				GCC_WARN_UNUSED_VARIABLE = YES;
				IPHONEOS_DEPLOYMENT_TARGET = 11.2;
				MTL_ENABLE_DEBUG_INFO = YES;
				ONLY_ACTIVE_ARCH = YES;
				SDKROOT = iphoneos;
				SWIFT_ACTIVE_COMPILATION_CONDITIONS = DEBUG;
				SWIFT_OPTIMIZATION_LEVEL = "-Onone";
			};
			name = Debug;
		};
		8EABE8631FDBA9C900B7DD7E /* Release */ = {
			isa = XCBuildConfiguration;
			buildSettings = {
				ALWAYS_SEARCH_USER_PATHS = NO;
				CLANG_ANALYZER_NONNULL = YES;
				CLANG_ANALYZER_NUMBER_OBJECT_CONVERSION = YES_AGGRESSIVE;
				CLANG_CXX_LANGUAGE_STANDARD = "gnu++14";
				CLANG_CXX_LIBRARY = "libc++";
				CLANG_ENABLE_MODULES = YES;
				CLANG_ENABLE_OBJC_ARC = YES;
				CLANG_WARN_BLOCK_CAPTURE_AUTORELEASING = YES;
				CLANG_WARN_BOOL_CONVERSION = YES;
				CLANG_WARN_COMMA = YES;
				CLANG_WARN_CONSTANT_CONVERSION = YES;
				CLANG_WARN_DIRECT_OBJC_ISA_USAGE = YES_ERROR;
				CLANG_WARN_DOCUMENTATION_COMMENTS = YES;
				CLANG_WARN_EMPTY_BODY = YES;
				CLANG_WARN_ENUM_CONVERSION = YES;
				CLANG_WARN_INFINITE_RECURSION = YES;
				CLANG_WARN_INT_CONVERSION = YES;
				CLANG_WARN_NON_LITERAL_NULL_CONVERSION = YES;
				CLANG_WARN_OBJC_LITERAL_CONVERSION = YES;
				CLANG_WARN_OBJC_ROOT_CLASS = YES_ERROR;
				CLANG_WARN_RANGE_LOOP_ANALYSIS = YES;
				CLANG_WARN_STRICT_PROTOTYPES = YES;
				CLANG_WARN_SUSPICIOUS_MOVE = YES;
				CLANG_WARN_UNGUARDED_AVAILABILITY = YES_AGGRESSIVE;
				CLANG_WARN_UNREACHABLE_CODE = YES;
				CLANG_WARN__DUPLICATE_METHOD_MATCH = YES;
				CODE_SIGN_IDENTITY = "iPhone Developer";
				COPY_PHASE_STRIP = NO;
				DEBUG_INFORMATION_FORMAT = "dwarf-with-dsym";
				ENABLE_NS_ASSERTIONS = NO;
				ENABLE_STRICT_OBJC_MSGSEND = YES;
				GCC_C_LANGUAGE_STANDARD = gnu11;
				GCC_NO_COMMON_BLOCKS = YES;
				GCC_WARN_64_TO_32_BIT_CONVERSION = YES;
				GCC_WARN_ABOUT_RETURN_TYPE = YES_ERROR;
				GCC_WARN_UNDECLARED_SELECTOR = YES;
				GCC_WARN_UNINITIALIZED_AUTOS = YES_AGGRESSIVE;
				GCC_WARN_UNUSED_FUNCTION = YES;
				GCC_WARN_UNUSED_VARIABLE = YES;
				IPHONEOS_DEPLOYMENT_TARGET = 11.2;
				MTL_ENABLE_DEBUG_INFO = NO;
				SDKROOT = iphoneos;
				SWIFT_OPTIMIZATION_LEVEL = "-Owholemodule";
				VALIDATE_PRODUCT = YES;
			};
			name = Release;
		};
		8EABE8651FDBA9C900B7DD7E /* Debug */ = {
			isa = XCBuildConfiguration;
			buildSettings = {
				ASSETCATALOG_COMPILER_APPICON_NAME = AppIcon;
				CODE_SIGN_STYLE = Automatic;
				INFOPLIST_FILE = Tip_Calculator/Info.plist;
				LD_RUNPATH_SEARCH_PATHS = "$(inherited) @executable_path/Frameworks";
				PRODUCT_BUNDLE_IDENTIFIER = "com.EasyGet.Tip-Calculator";
				PRODUCT_NAME = "$(TARGET_NAME)";
				SWIFT_VERSION = 4.0;
				TARGETED_DEVICE_FAMILY = "1,2";
			};
			name = Debug;
		};
		8EABE8661FDBA9C900B7DD7E /* Release */ = {
			isa = XCBuildConfiguration;
			buildSettings = {
				ASSETCATALOG_COMPILER_APPICON_NAME = AppIcon;
				CODE_SIGN_STYLE = Automatic;
				INFOPLIST_FILE = Tip_Calculator/Info.plist;
				LD_RUNPATH_SEARCH_PATHS = "$(inherited) @executable_path/Frameworks";
				PRODUCT_BUNDLE_IDENTIFIER = "com.EasyGet.Tip-Calculator";
				PRODUCT_NAME = "$(TARGET_NAME)";
				SWIFT_VERSION = 4.0;
				TARGETED_DEVICE_FAMILY = "1,2";
			};
			name = Release;
		};
		8EABE8681FDBA9C900B7DD7E /* Debug */ = {
			isa = XCBuildConfiguration;
			buildSettings = {
				ALWAYS_EMBED_SWIFT_STANDARD_LIBRARIES = YES;
				BUNDLE_LOADER = "$(TEST_HOST)";
				CODE_SIGN_STYLE = Automatic;
				INFOPLIST_FILE = Tip_CalculatorTests/Info.plist;
				LD_RUNPATH_SEARCH_PATHS = "$(inherited) @executable_path/Frameworks @loader_path/Frameworks";
				PRODUCT_BUNDLE_IDENTIFIER = "com.EasyGet.Tip-CalculatorTests";
				PRODUCT_NAME = "$(TARGET_NAME)";
				SWIFT_VERSION = 4.0;
				TARGETED_DEVICE_FAMILY = "1,2";
				TEST_HOST = "$(BUILT_PRODUCTS_DIR)/Tip_Calculator.app/Tip_Calculator";
			};
			name = Debug;
		};
		8EABE8691FDBA9C900B7DD7E /* Release */ = {
			isa = XCBuildConfiguration;
			buildSettings = {
				ALWAYS_EMBED_SWIFT_STANDARD_LIBRARIES = YES;
				BUNDLE_LOADER = "$(TEST_HOST)";
				CODE_SIGN_STYLE = Automatic;
				INFOPLIST_FILE = Tip_CalculatorTests/Info.plist;
				LD_RUNPATH_SEARCH_PATHS = "$(inherited) @executable_path/Frameworks @loader_path/Frameworks";
				PRODUCT_BUNDLE_IDENTIFIER = "com.EasyGet.Tip-CalculatorTests";
				PRODUCT_NAME = "$(TARGET_NAME)";
				SWIFT_VERSION = 4.0;
				TARGETED_DEVICE_FAMILY = "1,2";
				TEST_HOST = "$(BUILT_PRODUCTS_DIR)/Tip_Calculator.app/Tip_Calculator";
			};
			name = Release;
		};
		8EABE86B1FDBA9C900B7DD7E /* Debug */ = {
			isa = XCBuildConfiguration;
			buildSettings = {
				ALWAYS_EMBED_SWIFT_STANDARD_LIBRARIES = YES;
				CODE_SIGN_STYLE = Automatic;
				INFOPLIST_FILE = Tip_CalculatorUITests/Info.plist;
				LD_RUNPATH_SEARCH_PATHS = "$(inherited) @executable_path/Frameworks @loader_path/Frameworks";
				PRODUCT_BUNDLE_IDENTIFIER = "com.EasyGet.Tip-CalculatorUITests";
				PRODUCT_NAME = "$(TARGET_NAME)";
				SWIFT_VERSION = 4.0;
				TARGETED_DEVICE_FAMILY = "1,2";
				TEST_TARGET_NAME = Tip_Calculator;
			};
			name = Debug;
		};
		8EABE86C1FDBA9C900B7DD7E /* Release */ = {
			isa = XCBuildConfiguration;
			buildSettings = {
				ALWAYS_EMBED_SWIFT_STANDARD_LIBRARIES = YES;
				CODE_SIGN_STYLE = Automatic;
				INFOPLIST_FILE = Tip_CalculatorUITests/Info.plist;
				LD_RUNPATH_SEARCH_PATHS = "$(inherited) @executable_path/Frameworks @loader_path/Frameworks";
				PRODUCT_BUNDLE_IDENTIFIER = "com.EasyGet.Tip-CalculatorUITests";
				PRODUCT_NAME = "$(TARGET_NAME)";
				SWIFT_VERSION = 4.0;
				TARGETED_DEVICE_FAMILY = "1,2";
				TEST_TARGET_NAME = Tip_Calculator;
			};
			name = Release;
		};
/* End XCBuildConfiguration section */

/* Begin XCConfigurationList section */
		8EABE8371FDBA9C800B7DD7E /* Build configuration list for PBXProject "Tip_Calculator" */ = {
			isa = XCConfigurationList;
			buildConfigurations = (
				8EABE8621FDBA9C900B7DD7E /* Debug */,
				8EABE8631FDBA9C900B7DD7E /* Release */,
			);
			defaultConfigurationIsVisible = 0;
			defaultConfigurationName = Release;
		};
		8EABE8641FDBA9C900B7DD7E /* Build configuration list for PBXNativeTarget "Tip_Calculator" */ = {
			isa = XCConfigurationList;
			buildConfigurations = (
				8EABE8651FDBA9C900B7DD7E /* Debug */,
				8EABE8661FDBA9C900B7DD7E /* Release */,
			);
			defaultConfigurationIsVisible = 0;
			defaultConfigurationName = Release;
		};
		8EABE8671FDBA9C900B7DD7E /* Build configuration list for PBXNativeTarget "Tip_CalculatorTests" */ = {
			isa = XCConfigurationList;
			buildConfigurations = (
				8EABE8681FDBA9C900B7DD7E /* Debug */,
				8EABE8691FDBA9C900B7DD7E /* Release */,
			);
			defaultConfigurationIsVisible = 0;
			defaultConfigurationName = Release;
		};
		8EABE86A1FDBA9C900B7DD7E /* Build configuration list for PBXNativeTarget "Tip_CalculatorUITests" */ = {
			isa = XCConfigurationList;
			buildConfigurations = (
				8EABE86B1FDBA9C900B7DD7E /* Debug */,
				8EABE86C1FDBA9C900B7DD7E /* Release */,
			);
			defaultConfigurationIsVisible = 0;
			defaultConfigurationName = Release;
		};
/* End XCConfigurationList section */
	};
	rootObject = 8EABE8341FDBA9C800B7DD7E /* Project object */;
}
